{
  "name": "main",
  "version": "1.0.0",
  "lockfileVersion": 1,
  "requires": true,
  "dependencies": {
    "@babel/runtime": {
      "version": "7.11.2",
      "resolved": "https://registry.npm.taobao.org/@babel/runtime/download/@babel/runtime-7.11.2.tgz?cache=0&other_urls=https%3A%2F%2Fregistry.npm.taobao.org%2F%40babel%2Fruntime%2Fdownload%2F%40babel%2Fruntime-7.11.2.tgz",
      "integrity": "sha1-9UnBPHVMxAuHZEufqfCaapX+BzY=",
      "requires": {
        "regenerator-runtime": "^0.13.4"
      }
    },
    "import-html-entry": {
      "version": "1.9.1",
      "resolved": "https://registry.npm.taobao.org/import-html-entry/download/import-html-entry-1.9.1.tgz?cache=0&sync_timestamp=1599035222889&other_urls=https%3A%2F%2Fregistry.npm.taobao.org%2Fimport-html-entry%2Fdownload%2Fimport-html-entry-1.9.1.tgz",
      "integrity": "sha1-kahGqz3a0fmkuHalldHosovvdgk=",
      "requires": {
        "@babel/runtime": "^7.7.2"
      }
    },
    "lodash": {
      "version": "4.17.20",
      "resolved": "https://registry.npm.taobao.org/lodash/download/lodash-4.17.20.tgz?cache=0&sync_timestamp=1597335994883&other_urls=https%3A%2F%2Fregistry.npm.taobao.org%2Flodash%2Fdownload%2Flodash-4.17.20.tgz",
      "integrity": "sha1-tEqbYpe8tpjxxRo1RaKzs2jVnFI="
    },
    "qiankun": {
      "version": "2.0.26",
      "resolved": "https://registry.npm.taobao.org/qiankun/download/qiankun-2.0.26.tgz?cache=0&sync_timestamp=1600955029604&other_urls=https%3A%2F%2Fregistry.npm.taobao.org%2Fqiankun%2Fdownload%2Fqiankun-2.0.26.tgz",
      "integrity": "sha1-AGGjKF21fdJr2Ipi8YQ2+193QMA=",
      "requires": {
        "@babel/runtime": "^7.10.5",
        "import-html-entry": "^1.9.0",
        "lodash": "^4.17.11",
        "single-spa": "^5.3.1",
        "tslib": "^1.10.0"
      }
    },
    "regenerator-runtime": {
      "version": "0.13.7",
      "resolved": "https://registry.npm.taobao.org/regenerator-runtime/download/regenerator-runtime-0.13.7.tgz?cache=0&sync_timestamp=1595456311465&other_urls=https%3A%2F%2Fregistry.npm.taobao.org%2Fregenerator-runtime%2Fdownload%2Fregenerator-runtime-0.13.7.tgz",
      "integrity": "sha1-ysLazIoepnX+qrrriugziYrkb1U="
    },
    "single-spa": {
      "version": "5.6.0",
      "resolved": "https://registry.npm.taobao.org/single-spa/download/single-spa-5.6.0.tgz",
      "integrity": "sha1-ab+k1ohcKbe1Ynyj0UXeKvjP+Ic="
    },
    "tslib": {
      "version": "1.13.0",
      "resolved": "https://registry.npm.taobao.org/tslib/download/tslib-1.13.0.tgz?cache=0&sync_timestamp=1596753875166&other_urls=https%3A%2F%2Fregistry.npm.taobao.org%2Ftslib%2Fdownload%2Ftslib-1.13.0.tgz",
      "integrity": "sha1-yIHhPMcBWJTtkUhi0nZDb6mkcEM="
    }
  }
}
